
Microsoft Visual Studio Solution File, Format Version 12.00
# Visual Studio Version 17
VisualStudioVersion = 17.7.34031.279
MinimumVisualStudioVersion = 10.0.40219.1
Project("{FAE04EC0-301F-11D3-BF4B-00C04F79EFBC}") = "weatherforecast", "weatherforecast.csproj", "{EFD4DFAA-D00E-482A-A7B6-B1E7F07F505A}"
EndProject
Global
	GlobalSection(SolutionConfigurationPlatforms) = preSolution
		Debug|Any CPU = Debug|Any CPU
		Release|Any CPU = Release|Any CPU
	EndGlobalSection
	GlobalSection(ProjectConfigurationPlatforms) = postSolution
		{EFD4DFAA-D00E-482A-A7B6-B1E7F07F505A}.Debug|Any CPU.ActiveCfg = Debug|Any CPU
		{EFD4DFAA-D00E-482A-A7B6-B1E7F07F505A}.Debug|Any CPU.Build.0 = Debug|Any CPU
		{EFD4DFAA-D00E-482A-A7B6-B1E7F07F505A}.Release|Any CPU.ActiveCfg = Release|Any CPU
		{EFD4DFAA-D00E-482A-A7B6-B1E7F07F505A}.Release|Any CPU.Build.0 = Release|Any CPU
	EndGlobalSection
	GlobalSection(SolutionProperties) = preSolution
		HideSolutionNode = FALSE
	EndGlobalSection
	GlobalSection(ExtensibilityGlobals) = postSolution
		SolutionGuid = {BF7C1459-9086-41F3-A05E-2C69C9241036}
	EndGlobalSection
EndGlobal
